Microsoft Visual Studio Solution File, Format Version 12.00
# Visual Studio Version 17
VisualStudioVersion = 17.5.2.0
MinimumVisualStudioVersion = 10.0.40219.1
Project("{FAE04EC0-301F-11D3-BF4B-00C04F79EFBC}") = "food-delivery", "food-delivery.csproj", "{B144BEDE-20E6-220E-80B9-5E074673BFC3}"
EndProject
Global
	GlobalSection(SolutionConfigurationPlatforms) = preSolution
		Debug|Any CPU = Debug|Any CPU
		Release|Any CPU = Release|Any CPU
	EndGlobalSection
	GlobalSection(ProjectConfigurationPlatforms) = postSolution
		{B144BEDE-20E6-220E-80B9-5E074673BFC3}.Debug|Any CPU.ActiveCfg = Debug|Any CPU
		{B144BEDE-20E6-220E-80B9-5E074673BFC3}.Debug|Any CPU.Build.0 = Debug|Any CPU
		{B144BEDE-20E6-220E-80B9-5E074673BFC3}.Release|Any CPU.ActiveCfg = Release|Any CPU
		{B144BEDE-20E6-220E-80B9-5E074673BFC3}.Release|Any CPU.Build.0 = Release|Any CPU
	EndGlobalSection
	GlobalSection(SolutionProperties) = preSolution
		HideSolutionNode = FALSE
	EndGlobalSection
	GlobalSection(ExtensibilityGlobals) = postSolution
		SolutionGuid = {DE8B7607-9EB0-428C-869D-527F8308F4D3}
	EndGlobalSection
EndGlobal
